
Microsoft Visual Studio Solution File, Format Version 12.00
# Visual Studio 15
VisualStudioVersion = 15.0.33919.361
MinimumVisualStudioVersion = 10.0.40219.1
Project("{8BC9CEB8-8B4A-11D0-8D11-00A0C91BC942}") = "doAn1_CTDL", "doAn1_CTDL\doAn1_CTDL.vcxproj", "{CE378C72-23B6-4C57-9473-3B119C8861C4}"
EndProject
Global
	GlobalSection(SolutionConfigurationPlatforms) = preSolution
		Debug|x64 = Debug|x64
		Debug|x86 = Debug|x86
		Release|x64 = Release|x64
		Release|x86 = Release|x86
	EndGlobalSection
	GlobalSection(ProjectConfigurationPlatforms) = postSolution
		{CE378C72-23B6-4C57-9473-3B119C8861C4}.Debug|x64.ActiveCfg = Debug|x64
		{CE378C72-23B6-4C57-9473-3B119C8861C4}.Debug|x64.Build.0 = Debug|x64
		{CE378C72-23B6-4C57-9473-3B119C8861C4}.Debug|x86.ActiveCfg = Debug|Win32
		{CE378C72-23B6-4C57-9473-3B119C8861C4}.Debug|x86.Build.0 = Debug|Win32
		{CE378C72-23B6-4C57-9473-3B119C8861C4}.Release|x64.ActiveCfg = Release|x64
		{CE378C72-23B6-4C57-9473-3B119C8861C4}.Release|x64.Build.0 = Release|x64
		{CE378C72-23B6-4C57-9473-3B119C8861C4}.Release|x86.ActiveCfg = Release|Win32
		{CE378C72-23B6-4C57-9473-3B119C8861C4}.Release|x86.Build.0 = Release|Win32
	EndGlobalSection
	GlobalSection(SolutionProperties) = preSolution
		HideSolutionNode = FALSE
	EndGlobalSection
	GlobalSection(ExtensibilityGlobals) = postSolution
		SolutionGuid = {22469014-5F9D-446D-98E2-9AD712D5917B}
	EndGlobalSection
EndGlobal
